
Microsoft Visual Studio Solution File, Format Version 12.00
# Visual Studio 2017
Project("{FAE04EC0-301F-11D3-BF4B-00C04F79EFBC}") = "Make RPG.Plugins", "Make RPG.Plugins.csproj", "{4B7C15D3-B48E-E855-C9A6-3182DB4440FF}"
EndProject
Project("{FAE04EC0-301F-11D3-BF4B-00C04F79EFBC}") = "Make RPG", "Make RPG.csproj", "{97058312-F2A9-4D49-CBC2-9B446960E780}"
EndProject
Project("{FAE04EC0-301F-11D3-BF4B-00C04F79EFBC}") = "Make RPG.Editor.Plugins", "Make RPG.Editor.Plugins.csproj", "{B2DD0DC2-A001-1336-2256-B6D40B474B2F}"
EndProject
Global
	GlobalSection(SolutionConfigurationPlatforms) = preSolution
		Debug|Any CPU = Debug|Any CPU
		Release|Any CPU = Release|Any CPU
	EndGlobalSection
	GlobalSection(ProjectConfigurationPlatforms) = postSolution
		{4B7C15D3-B48E-E855-C9A6-3182DB4440FF}.Debug|Any CPU.ActiveCfg = Debug|Any CPU
		{4B7C15D3-B48E-E855-C9A6-3182DB4440FF}.Debug|Any CPU.Build.0 = Debug|Any CPU
		{4B7C15D3-B48E-E855-C9A6-3182DB4440FF}.Release|Any CPU.ActiveCfg = Release|Any CPU
		{4B7C15D3-B48E-E855-C9A6-3182DB4440FF}.Release|Any CPU.Build.0 = Release|Any CPU
		{97058312-F2A9-4D49-CBC2-9B446960E780}.Debug|Any CPU.ActiveCfg = Debug|Any CPU
		{97058312-F2A9-4D49-CBC2-9B446960E780}.Debug|Any CPU.Build.0 = Debug|Any CPU
		{97058312-F2A9-4D49-CBC2-9B446960E780}.Release|Any CPU.ActiveCfg = Release|Any CPU
		{97058312-F2A9-4D49-CBC2-9B446960E780}.Release|Any CPU.Build.0 = Release|Any CPU
		{B2DD0DC2-A001-1336-2256-B6D40B474B2F}.Debug|Any CPU.ActiveCfg = Debug|Any CPU
		{B2DD0DC2-A001-1336-2256-B6D40B474B2F}.Debug|Any CPU.Build.0 = Debug|Any CPU
		{B2DD0DC2-A001-1336-2256-B6D40B474B2F}.Release|Any CPU.ActiveCfg = Release|Any CPU
		{B2DD0DC2-A001-1336-2256-B6D40B474B2F}.Release|Any CPU.Build.0 = Release|Any CPU
	EndGlobalSection
	GlobalSection(SolutionProperties) = preSolution
		HideSolutionNode = FALSE
	EndGlobalSection
EndGlobal
